{
  "name": "bote-comparison",
  "version": "1.0.0",
  "lockfileVersion": 3,
  "requires": true,
  "packages": {
    "": {
      "name": "bote-comparison",
      "version": "1.0.0",
      "dependencies": {
        "@botejs/core": "^0.9.0",
        "@streamparser/json": "^0.0.22",
        "JSONStream": "^1.3.5",
        "oboe": "^2.1.7",
        "stream-chain": "^3.4.0",
        "stream-json": "^3.4.0"
      },
      "engines": {
        "node": ">= 22.18.0"
      }
    },
    "node_modules/@botejs/core": {
      "version": "0.9.0",
      "resolved": "https://registry.npmjs.org/@botejs/core/-/core-0.9.0.tgz",
      "integrity": "sha512-WdtIa7EMvGmNRJwZairpfeOCKHN+RwzIRvF9OLxcz2p3NRTJEpphjUjGhhac4P9F0bC0UuRJObCfxxFy/qv+2Q==",
      "license": "MIT",
      "dependencies": {
        "@botejs/native": "^0.9.0"
      },
      "engines": {
        "node": ">= 22.18.0"
      },
      "optionalDependencies": {
        "@standard-schema/spec": "^1.0.0"
      },
      "peerDependencies": {
        "@standard-schema/spec": "^1.0.0"
      },
      "peerDependenciesMeta": {
        "@standard-schema/spec": {
          "optional": true
        }
      }
    },
    "node_modules/@botejs/native": {
      "version": "0.9.0",
      "resolved": "https://registry.npmjs.org/@botejs/native/-/native-0.9.0.tgz",
      "integrity": "sha512-dPWuQJYcrc9E6y+grxA8W/upn8tZhAsxakJzJab0lDMVmwctXLWPGFuuc/s35U2D8BYQ9BIzHaqXMNo4X2pEkg==",
      "license": "MIT",
      "engines": {
        "node": ">= 22.18.0"
      },
      "optionalDependencies": {
        "@botejs/native-darwin-arm64": "0.9.0",
        "@botejs/native-darwin-x64": "0.9.0",
        "@botejs/native-linux-x64-gnu": "0.9.0",
        "@botejs/native-win32-x64-msvc": "0.9.0"
      }
    },
    "node_modules/@botejs/native-darwin-arm64": {
      "version": "0.9.0",
      "resolved": "https://registry.npmjs.org/@botejs/native-darwin-arm64/-/native-darwin-arm64-0.9.0.tgz",
      "integrity": "sha512-Iqw5+HNUyaj6V5pD72Jf8D7bLXo+mNxCh1NysYZi7l7dQovwiOl+y/0C+Sqft1PLsmRzNtE7ZNUcNvoNU2/AYA==",
      "cpu": [
        "arm64"
      ],
      "license": "MIT",
      "optional": true,
      "os": [
        "darwin"
      ],
      "engines": {
        "node": ">= 22.18.0"
      }
    },
    "node_modules/@botejs/native-darwin-x64": {
      "version": "0.9.0",
      "resolved": "https://registry.npmjs.org/@botejs/native-darwin-x64/-/native-darwin-x64-0.9.0.tgz",
      "integrity": "sha512-vv+o7NFtw6CSQdagjlEgKSiZCiEiiEXfyns+wKXXHMRsfal2y3GZz3CLeotNcy6tbZPFieeGSN/1Np8ido4STA==",
      "cpu": [
        "x64"
      ],
      "license": "MIT",
      "optional": true,
      "os": [
        "darwin"
      ],
      "engines": {
        "node": ">= 22.18.0"
      }
    },
    "node_modules/@botejs/native-linux-x64-gnu": {
      "version": "0.9.0",
      "resolved": "https://registry.npmjs.org/@botejs/native-linux-x64-gnu/-/native-linux-x64-gnu-0.9.0.tgz",
      "integrity": "sha512-NyjLsPxSASfIHttfpoOcV8qpn5nDQQUivFknorOixEhlrunGd7vGZqapQIrA3/IulaPySooc8dPMpnF5McezNg==",
      "cpu": [
        "x64"
      ],
      "license": "MIT",
      "optional": true,
      "os": [
        "linux"
      ],
      "engines": {
        "node": ">= 22.18.0"
      }
    },
    "node_modules/@botejs/native-win32-x64-msvc": {
      "version": "0.9.0",
      "resolved": "https://registry.npmjs.org/@botejs/native-win32-x64-msvc/-/native-win32-x64-msvc-0.9.0.tgz",
      "integrity": "sha512-B3LftRQEdNDCYzHv/vUwvfWJjvI0ZvpFKF69BwqEPfdUh+YLgGf+e6M0BZAepDFUmyTmE9Zdm4FydmWd0PagYA==",
      "cpu": [
        "x64"
      ],
      "license": "MIT",
      "optional": true,
      "os": [
        "win32"
      ],
      "engines": {
        "node": ">= 22.18.0"
      }
    },
    "node_modules/@standard-schema/spec": {
      "version": "1.1.0",
      "resolved": "https://registry.npmjs.org/@standard-schema/spec/-/spec-1.1.0.tgz",
      "integrity": "sha512-l2aFy5jALhniG5HgqrD6jXLi/rUWrKvqN/qJx6yoJsgKhblVd+iqqU4RCXavm/jPityDo5TCvKMnpjKnOriy0w==",
      "license": "MIT",
      "optional": true
    },
    "node_modules/@streamparser/json": {
      "version": "0.0.22",
      "resolved": "https://registry.npmjs.org/@streamparser/json/-/json-0.0.22.tgz",
      "integrity": "sha512-b6gTSBjJ8G8SuO3Gbbj+zXbVx8NSs1EbpbMKpzGLWMdkR+98McH9bEjSz3+0mPJf68c5nxa3CrJHp5EQNXM6zQ==",
      "license": "MIT"
    },
    "node_modules/http-https": {
      "version": "1.0.0",
      "resolved": "https://registry.npmjs.org/http-https/-/http-https-1.0.0.tgz",
      "integrity": "sha512-o0PWwVCSp3O0wS6FvNr6xfBCHgt0m1tvPLFOCc2iFDKTRAXhB7m8klDf7ErowFH8POa6dVdGatKU5I1YYwzUyg==",
      "license": "ISC"
    },
    "node_modules/jsonparse": {
      "version": "1.3.1",
      "resolved": "https://registry.npmjs.org/jsonparse/-/jsonparse-1.3.1.tgz",
      "integrity": "sha512-POQXvpdL69+CluYsillJ7SUhKvytYjW9vG/GKpnf+xP8UWgYEM/RaMzHHofbALDiKbbP1W8UEYmgGl39WkPZsg==",
      "engines": [
        "node >= 0.2.0"
      ],
      "license": "MIT"
    },
    "node_modules/JSONStream": {
      "version": "1.3.5",
      "resolved": "https://registry.npmjs.org/JSONStream/-/JSONStream-1.3.5.tgz",
      "integrity": "sha512-E+iruNOY8VV9s4JEbe1aNEm6MiszPRr/UfcHMz0TQh1BXSxHK+ASV1R6W4HpjBhSeS+54PIsAMCBmwD06LLsqQ==",
      "license": "(MIT OR Apache-2.0)",
      "dependencies": {
        "jsonparse": "^1.2.0",
        "through": ">=2.2.7 <3"
      },
      "bin": {
        "JSONStream": "bin.js"
      },
      "engines": {
        "node": "*"
      }
    },
    "node_modules/oboe": {
      "version": "2.1.7",
      "resolved": "https://registry.npmjs.org/oboe/-/oboe-2.1.7.tgz",
      "integrity": "sha512-Y2oCMU2xgITORaNvIDCvUyn2ZG/5NI19lLjMFThgYzCH+GA/fgYvVcwxAqnZPiMiUrPq64jLzCkBXqKSu/R6MA==",
      "license": "BSD",
      "dependencies": {
        "http-https": "^1.0.0"
      }
    },
    "node_modules/stream-chain": {
      "version": "3.6.3",
      "resolved": "https://registry.npmjs.org/stream-chain/-/stream-chain-3.6.3.tgz",
      "integrity": "sha512-JZuELdHUuiZL4Olcr4EllGUvj9VKEaDkGHA6QAP5SruD0bgrr8TwtNXwRfH+fCncysEII7HhWll1+aOwvHYyRw==",
      "license": "BSD-3-Clause",
      "funding": {
        "url": "https://github.com/sponsors/uhop"
      }
    },
    "node_modules/stream-json": {
      "version": "3.4.0",
      "resolved": "https://registry.npmjs.org/stream-json/-/stream-json-3.4.0.tgz",
      "integrity": "sha512-7NEiOhtS0W7ZrwnqJc/fugsGQMdpNJng+v1s2xLTrmfBN2vcYDyBglCK2+eITif0VkHLXnTdALgQI9TnZMBhYA==",
      "license": "BSD-3-Clause",
      "dependencies": {
        "stream-chain": "^4.2.5"
      },
      "engines": {
        "node": ">=22"
      },
      "funding": {
        "url": "https://github.com/sponsors/uhop"
      }
    },
    "node_modules/stream-json/node_modules/stream-chain": {
      "version": "4.2.5",
      "resolved": "https://registry.npmjs.org/stream-chain/-/stream-chain-4.2.5.tgz",
      "integrity": "sha512-Wtyq3bNE3ggLR0v2vftqvuhltym3WbZAkZpfIrkr5F/6vpeUmWmwTgXa16zD87gpahwJ/Qulq3zVfUlgIc0J2A==",
      "license": "BSD-3-Clause",
      "engines": {
        "node": ">=22"
      },
      "funding": {
        "url": "https://github.com/sponsors/uhop"
      }
    },
    "node_modules/through": {
      "version": "2.3.8",
      "resolved": "https://registry.npmjs.org/through/-/through-2.3.8.tgz",
      "integrity": "sha512-w89qg7PI8wAdvX60bMDP+bFoD5Dvhm9oLheFp5O4a2QF0cSBGsBX4qZmadPMvVqlLJBBci+WqGGOAPvcDeNSVg==",
      "license": "MIT"
    }
  }
}
